// !$*UTF8*$!
{
	archiveVersion = 1;
	classes = {
	};
	objectVersion = 56;
	objects = {

/* Begin PBXBuildFile section */
		53590F7329CE285D00E7E61E /* PrimaryButton.swift in Sources */ = {isa = PBXBuildFile; fileRef = 53590F7229CE285D00E7E61E /* PrimaryButton.swift */; };
		53590F7929CEA31100E7E61E /* CategoryListItemView.swift in Sources */ = {isa = PBXBuildFile; fileRef = 53590F7829CEA31100E7E61E /* CategoryListItemView.swift */; };
		53590F7B29CEBB9E00E7E61E /* CategoryBudget.swift in Sources */ = {isa = PBXBuildFile; fileRef = 53590F7A29CEBB9E00E7E61E /* CategoryBudget.swift */; };
		53590F7D29CEBCB700E7E61E /* CategoryProgressBarView.swift in Sources */ = {isa = PBXBuildFile; fileRef = 53590F7C29CEBCB700E7E61E /* CategoryProgressBarView.swift */; };
		53590F7F29CEBCDF00E7E61E /* CategoryBudgetProgressView.swift in Sources */ = {isa = PBXBuildFile; fileRef = 53590F7E29CEBCDF00E7E61E /* CategoryBudgetProgressView.swift */; };
		53590F8129CEBD3F00E7E61E /* MonthProgressView.swift in Sources */ = {isa = PBXBuildFile; fileRef = 53590F8029CEBD3F00E7E61E /* MonthProgressView.swift */; };
		53590F8329CEBD6200E7E61E /* BudgetProgressView.swift in Sources */ = {isa = PBXBuildFile; fileRef = 53590F8229CEBD6200E7E61E /* BudgetProgressView.swift */; };
		53590F8529CEBE6800E7E61E /* BudgetProgress.swift in Sources */ = {isa = PBXBuildFile; fileRef = 53590F8429CEBE6800E7E61E /* BudgetProgress.swift */; };
		53B30AA529C9607000DDD496 /* splendid_v2App.swift in Sources */ = {isa = PBXBuildFile; fileRef = 53B30AA429C9607000DDD496 /* splendid_v2App.swift */; };
		53B30AA729C9607000DDD496 /* ContentView.swift in Sources */ = {isa = PBXBuildFile; fileRef = 53B30AA629C9607000DDD496 /* ContentView.swift */; };
		53B30AA929C9607100DDD496 /* Assets.xcassets in Resources */ = {isa = PBXBuildFile; fileRef = 53B30AA829C9607100DDD496 /* Assets.xcassets */; };
		53B30AAC29C9607100DDD496 /* Preview Assets.xcassets in Resources */ = {isa = PBXBuildFile; fileRef = 53B30AAB29C9607100DDD496 /* Preview Assets.xcassets */; };
		53B30AB329C9608900DDD496 /* Transaction.swift in Sources */ = {isa = PBXBuildFile; fileRef = 53B30AB229C9608900DDD496 /* Transaction.swift */; };
		53B30AB529C9614B00DDD496 /* BudgetViewModel.swift in Sources */ = {isa = PBXBuildFile; fileRef = 53B30AB429C9614B00DDD496 /* BudgetViewModel.swift */; };
		53B30AB729C962BA00DDD496 /* AddTransactionView.swift in Sources */ = {isa = PBXBuildFile; fileRef = 53B30AB629C962BA00DDD496 /* AddTransactionView.swift */; };
		53B30AB929C9633D00DDD496 /* TransactionsView.swift in Sources */ = {isa = PBXBuildFile; fileRef = 53B30AB829C9633D00DDD496 /* TransactionsView.swift */; };
/* End PBXBuildFile section */

/* Begin PBXFileReference section */
		53590F7229CE285D00E7E61E /* PrimaryButton.swift */ = {isa = PBXFileReference; lastKnownFileType = sourcecode.swift; path = PrimaryButton.swift; sourceTree = "<group>"; };
		53590F7829CEA31100E7E61E /* CategoryListItemView.swift */ = {isa = PBXFileReference; lastKnownFileType = sourcecode.swift; path = CategoryListItemView.swift; sourceTree = "<group>"; };
		53590F7A29CEBB9E00E7E61E /* CategoryBudget.swift */ = {isa = PBXFileReference; lastKnownFileType = sourcecode.swift; path = CategoryBudget.swift; sourceTree = "<group>"; };
		53590F7C29CEBCB700E7E61E /* CategoryProgressBarView.swift */ = {isa = PBXFileReference; lastKnownFileType = sourcecode.swift; path = CategoryProgressBarView.swift; sourceTree = "<group>"; };
		53590F7E29CEBCDF00E7E61E /* CategoryBudgetProgressView.swift */ = {isa = PBXFileReference; lastKnownFileType = sourcecode.swift; path = CategoryBudgetProgressView.swift; sourceTree = "<group>"; };
		53590F8029CEBD3F00E7E61E /* MonthProgressView.swift */ = {isa = PBXFileReference; lastKnownFileType = sourcecode.swift; path = MonthProgressView.swift; sourceTree = "<group>"; };
		53590F8229CEBD6200E7E61E /* BudgetProgressView.swift */ = {isa = PBXFileReference; lastKnownFileType = sourcecode.swift; path = BudgetProgressView.swift; sourceTree = "<group>"; };
		53590F8429CEBE6800E7E61E /* BudgetProgress.swift */ = {isa = PBXFileReference; lastKnownFileType = sourcecode.swift; path = BudgetProgress.swift; sourceTree = "<group>"; };
		53B30AA129C9607000DDD496 /* splendid-v2.app */ = {isa = PBXFileReference; explicitFileType = wrapper.application; includeInIndex = 0; path = "splendid-v2.app"; sourceTree = BUILT_PRODUCTS_DIR; };
		53B30AA429C9607000DDD496 /* splendid_v2App.swift */ = {isa = PBXFileReference; lastKnownFileType = sourcecode.swift; path = splendid_v2App.swift; sourceTree = "<group>"; };
		53B30AA629C9607000DDD496 /* ContentView.swift */ = {isa = PBXFileReference; lastKnownFileType = sourcecode.swift; path = ContentView.swift; sourceTree = "<group>"; };
		53B30AA829C9607100DDD496 /* Assets.xcassets */ = {isa = PBXFileReference; lastKnownFileType = folder.assetcatalog; path = Assets.xcassets; sourceTree = "<group>"; };
		53B30AAB29C9607100DDD496 /* Preview Assets.xcassets */ = {isa = PBXFileReference; lastKnownFileType = folder.assetcatalog; path = "Preview Assets.xcassets"; sourceTree = "<group>"; };
		53B30AB229C9608900DDD496 /* Transaction.swift */ = {isa = PBXFileReference; lastKnownFileType = sourcecode.swift; path = Transaction.swift; sourceTree = "<group>"; };
		53B30AB429C9614B00DDD496 /* BudgetViewModel.swift */ = {isa = PBXFileReference; lastKnownFileType = sourcecode.swift; path = BudgetViewModel.swift; sourceTree = "<group>"; };
		53B30AB629C962BA00DDD496 /* AddTransactionView.swift */ = {isa = PBXFileReference; lastKnownFileType = sourcecode.swift; path = AddTransactionView.swift; sourceTree = "<group>"; };
		53B30AB829C9633D00DDD496 /* TransactionsView.swift */ = {isa = PBXFileReference; lastKnownFileType = sourcecode.swift; path = TransactionsView.swift; sourceTree = "<group>"; };
/* End PBXFileReference section */

/* Begin PBXFrameworksBuildPhase section */
		53B30A9E29C9607000DDD496 /* Frameworks */ = {
			isa = PBXFrameworksBuildPhase;
			buildActionMask = 2147483647;
			files = (
			);
			runOnlyForDeploymentPostprocessing = 0;
		};
/* End PBXFrameworksBuildPhase section */

/* Begin PBXGroup section */
		53590F8629D3884B00E7E61E /* Views */ = {
			isa = PBXGroup;
			children = (
				53B30AA629C9607000DDD496 /* ContentView.swift */,
				53B30AB829C9633D00DDD496 /* TransactionsView.swift */,
				53B30AB629C962BA00DDD496 /* AddTransactionView.swift */,
				53590F8029CEBD3F00E7E61E /* MonthProgressView.swift */,
				53590F8229CEBD6200E7E61E /* BudgetProgressView.swift */,
			);
			path = Views;
			sourceTree = "<group>";
		};
		53590F8729D3887B00E7E61E /* Models */ = {
			isa = PBXGroup;
			children = (
				53B30AB229C9608900DDD496 /* Transaction.swift */,
				53590F7A29CEBB9E00E7E61E /* CategoryBudget.swift */,
				53B30AB429C9614B00DDD496 /* BudgetViewModel.swift */,
				53590F8429CEBE6800E7E61E /* BudgetProgress.swift */,
			);
			path = Models;
			sourceTree = "<group>";
		};
		53590F8829D388C400E7E61E /* Helpers */ = {
			isa = PBXGroup;
			children = (
				53590F7229CE285D00E7E61E /* PrimaryButton.swift */,
				53590F7C29CEBCB700E7E61E /* CategoryProgressBarView.swift */,
				53590F7E29CEBCDF00E7E61E /* CategoryBudgetProgressView.swift */,
				53590F7829CEA31100E7E61E /* CategoryListItemView.swift */,
			);
			path = Helpers;
			sourceTree = "<group>";
		};
		53B30A9829C9607000DDD496 = {
			isa = PBXGroup;
			children = (
				53B30AA329C9607000DDD496 /* splendid-v2 */,
				53B30AA229C9607000DDD496 /* Products */,
			);
			sourceTree = "<group>";
		};
		53B30AA229C9607000DDD496 /* Products */ = {
			isa = PBXGroup;
			children = (
				53B30AA129C9607000DDD496 /* splendid-v2.app */,
			);
			name = Products;
			sourceTree = "<group>";
		};
		53B30AA329C9607000DDD496 /* splendid-v2 */ = {
			isa = PBXGroup;
			children = (
				53590F8829D388C400E7E61E /* Helpers */,
				53590F8729D3887B00E7E61E /* Models */,
				53590F8629D3884B00E7E61E /* Views */,
				53B30AA429C9607000DDD496 /* splendid_v2App.swift */,
				53B30AA829C9607100DDD496 /* Assets.xcassets */,
				53B30AAA29C9607100DDD496 /* Preview Content */,
			);
			path = "splendid-v2";
			sourceTree = "<group>";
		};
		53B30AAA29C9607100DDD496 /* Preview Content */ = {
			isa = PBXGroup;
			children = (
				53B30AAB29C9607100DDD496 /* Preview Assets.xcassets */,
			);
			path = "Preview Content";
			sourceTree = "<group>";
		};
/* End PBXGroup section */

/* Begin PBXNativeTarget section */
		53B30AA029C9607000DDD496 /* splendid-v2 */ = {
			isa = PBXNativeTarget;
			buildConfigurationList = 53B30AAF29C9607100DDD496 /* Build configuration list for PBXNativeTarget "splendid-v2" */;
			buildPhases = (
				53B30A9D29C9607000DDD496 /* Sources */,
				53B30A9E29C9607000DDD496 /* Frameworks */,
				53B30A9F29C9607000DDD496 /* Resources */,
			);
			buildRules = (
			);
			dependencies = (
			);
			name = "splendid-v2";
			productName = "splendid-v2";
			productReference = 53B30AA129C9607000DDD496 /* splendid-v2.app */;
			productType = "com.apple.product-type.application";
		};
/* End PBXNativeTarget section */

/* Begin PBXProject section */
		53B30A9929C9607000DDD496 /* Project object */ = {
			isa = PBXProject;
			attributes = {
				BuildIndependentTargetsInParallel = 1;
				LastSwiftUpdateCheck = 1420;
				LastUpgradeCheck = 1420;
				TargetAttributes = {
					53B30AA029C9607000DDD496 = {
						CreatedOnToolsVersion = 14.2;
					};
				};
			};
			buildConfigurationList = 53B30A9C29C9607000DDD496 /* Build configuration list for PBXProject "splendid-v2" */;
			compatibilityVersion = "Xcode 14.0";
			developmentRegion = en;
			hasScannedForEncodings = 0;
			knownRegions = (
				en,
				Base,
			);
			mainGroup = 53B30A9829C9607000DDD496;
			productRefGroup = 53B30AA229C9607000DDD496 /* Products */;
			projectDirPath = "";
			projectRoot = "";
			targets = (
				53B30AA029C9607000DDD496 /* splendid-v2 */,
			);
		};
/* End PBXProject section */

/* Begin PBXResourcesBuildPhase section */
		53B30A9F29C9607000DDD496 /* Resources */ = {
			isa = PBXResourcesBuildPhase;
			buildActionMask = 2147483647;
			files = (
				53B30AAC29C9607100DDD496 /* Preview Assets.xcassets in Resources */,
				53B30AA929C9607100DDD496 /* Assets.xcassets in Resources */,
			);
			runOnlyForDeploymentPostprocessing = 0;
		};
/* End PBXResourcesBuildPhase section */

/* Begin PBXSourcesBuildPhase section */
		53B30A9D29C9607000DDD496 /* Sources */ = {
			isa = PBXSourcesBuildPhase;
			buildActionMask = 2147483647;
			files = (
				53590F8129CEBD3F00E7E61E /* MonthProgressView.swift in Sources */,
				53590F8529CEBE6800E7E61E /* BudgetProgress.swift in Sources */,
				53B30AA729C9607000DDD496 /* ContentView.swift in Sources */,
				53590F7929CEA31100E7E61E /* CategoryListItemView.swift in Sources */,
				53B30AA529C9607000DDD496 /* splendid_v2App.swift in Sources */,
				53B30AB329C9608900DDD496 /* Transaction.swift in Sources */,
				53B30AB529C9614B00DDD496 /* BudgetViewModel.swift in Sources */,
				53590F7B29CEBB9E00E7E61E /* CategoryBudget.swift in Sources */,
				53590F7329CE285D00E7E61E /* PrimaryButton.swift in Sources */,
				53B30AB729C962BA00DDD496 /* AddTransactionView.swift in Sources */,
				53B30AB929C9633D00DDD496 /* TransactionsView.swift in Sources */,
				53590F7D29CEBCB700E7E61E /* CategoryProgressBarView.swift in Sources */,
				53590F7F29CEBCDF00E7E61E /* CategoryBudgetProgressView.swift in Sources */,
				53590F8329CEBD6200E7E61E /* BudgetProgressView.swift in Sources */,
			);
			runOnlyForDeploymentPostprocessing = 0;
		};
/* End PBXSourcesBuildPhase section */

/* Begin XCBuildConfiguration section */
		53B30AAD29C9607100DDD496 /* Debug */ = {
			isa = XCBuildConfiguration;
			buildSettings = {
				ALWAYS_SEARCH_USER_PATHS = NO;
				CLANG_ANALYZER_NONNULL = YES;
				CLANG_ANALYZER_NUMBER_OBJECT_CONVERSION = YES_AGGRESSIVE;
				CLANG_CXX_LANGUAGE_STANDARD = "gnu++20";
				CLANG_ENABLE_MODULES = YES;
				CLANG_ENABLE_OBJC_ARC = YES;
				CLANG_ENABLE_OBJC_WEAK = YES;
				CLANG_WARN_BLOCK_CAPTURE_AUTORELEASING = YES;
				CLANG_WARN_BOOL_CONVERSION = YES;
				CLANG_WARN_COMMA = YES;
				CLANG_WARN_CONSTANT_CONVERSION = YES;
				CLANG_WARN_DEPRECATED_OBJC_IMPLEMENTATIONS = YES;
				CLANG_WARN_DIRECT_OBJC_ISA_USAGE = YES_ERROR;
				CLANG_WARN_DOCUMENTATION_COMMENTS = YES;
				CLANG_WARN_EMPTY_BODY = YES;
				CLANG_WARN_ENUM_CONVERSION = YES;
				CLANG_WARN_INFINITE_RECURSION = YES;
				CLANG_WARN_INT_CONVERSION = YES;
				CLANG_WARN_NON_LITERAL_NULL_CONVERSION = YES;
				CLANG_WARN_OBJC_IMPLICIT_RETAIN_SELF = YES;
				CLANG_WARN_OBJC_LITERAL_CONVERSION = YES;
				CLANG_WARN_OBJC_ROOT_CLASS = YES_ERROR;
				CLANG_WARN_QUOTED_INCLUDE_IN_FRAMEWORK_HEADER = YES;
				CLANG_WARN_RANGE_LOOP_ANALYSIS = YES;
				CLANG_WARN_STRICT_PROTOTYPES = YES;
				CLANG_WARN_SUSPICIOUS_MOVE = YES;
				CLANG_WARN_UNGUARDED_AVAILABILITY = YES_AGGRESSIVE;
				CLANG_WARN_UNREACHABLE_CODE = YES;
				CLANG_WARN__DUPLICATE_METHOD_MATCH = YES;
				COPY_PHASE_STRIP = NO;
				DEBUG_INFORMATION_FORMAT = dwarf;
				ENABLE_STRICT_OBJC_MSGSEND = YES;
				ENABLE_TESTABILITY = YES;
				GCC_C_LANGUAGE_STANDARD = gnu11;
				GCC_DYNAMIC_NO_PIC = NO;
				GCC_NO_COMMON_BLOCKS = YES;
				GCC_OPTIMIZATION_LEVEL = 0;
				GCC_PREPROCESSOR_DEFINITIONS = (
					"DEBUG=1",
					"$(inherited)",
				);
				GCC_WARN_64_TO_32_BIT_CONVERSION = YES;
				GCC_WARN_ABOUT_RETURN_TYPE = YES_ERROR;
				GCC_WARN_UNDECLARED_SELECTOR = YES;
				GCC_WARN_UNINITIALIZED_AUTOS = YES_AGGRESSIVE;
				GCC_WARN_UNUSED_FUNCTION = YES;
				GCC_WARN_UNUSED_VARIABLE = YES;
				IPHONEOS_DEPLOYMENT_TARGET = 16.2;
				MTL_ENABLE_DEBUG_INFO = INCLUDE_SOURCE;
				MTL_FAST_MATH = YES;
				ONLY_ACTIVE_ARCH = YES;
				SDKROOT = iphoneos;
				SWIFT_ACTIVE_COMPILATION_CONDITIONS = DEBUG;
				SWIFT_OPTIMIZATION_LEVEL = "-Onone";
			};
			name = Debug;
		};
		53B30AAE29C9607100DDD496 /* Release */ = {
			isa = XCBuildConfiguration;
			buildSettings = {
				ALWAYS_SEARCH_USER_PATHS = NO;
				CLANG_ANALYZER_NONNULL = YES;
				CLANG_ANALYZER_NUMBER_OBJECT_CONVERSION = YES_AGGRESSIVE;
				CLANG_CXX_LANGUAGE_STANDARD = "gnu++20";
				CLANG_ENABLE_MODULES = YES;
				CLANG_ENABLE_OBJC_ARC = YES;
				CLANG_ENABLE_OBJC_WEAK = YES;
				CLANG_WARN_BLOCK_CAPTURE_AUTORELEASING = YES;
				CLANG_WARN_BOOL_CONVERSION = YES;
				CLANG_WARN_COMMA = YES;
				CLANG_WARN_CONSTANT_CONVERSION = YES;
				CLANG_WARN_DEPRECATED_OBJC_IMPLEMENTATIONS = YES;
				CLANG_WARN_DIRECT_OBJC_ISA_USAGE = YES_ERROR;
				CLANG_WARN_DOCUMENTATION_COMMENTS = YES;
				CLANG_WARN_EMPTY_BODY = YES;
				CLANG_WARN_ENUM_CONVERSION = YES;
				CLANG_WARN_INFINITE_RECURSION = YES;
				CLANG_WARN_INT_CONVERSION = YES;
				CLANG_WARN_NON_LITERAL_NULL_CONVERSION = YES;
				CLANG_WARN_OBJC_IMPLICIT_RETAIN_SELF = YES;
				CLANG_WARN_OBJC_LITERAL_CONVERSION = YES;
				CLANG_WARN_OBJC_ROOT_CLASS = YES_ERROR;
				CLANG_WARN_QUOTED_INCLUDE_IN_FRAMEWORK_HEADER = YES;
				CLANG_WARN_RANGE_LOOP_ANALYSIS = YES;
				CLANG_WARN_STRICT_PROTOTYPES = YES;
				CLANG_WARN_SUSPICIOUS_MOVE = YES;
				CLANG_WARN_UNGUARDED_AVAILABILITY = YES_AGGRESSIVE;
				CLANG_WARN_UNREACHABLE_CODE = YES;
				CLANG_WARN__DUPLICATE_METHOD_MATCH = YES;
				COPY_PHASE_STRIP = NO;
				DEBUG_INFORMATION_FORMAT = "dwarf-with-dsym";
				ENABLE_NS_ASSERTIONS = NO;
				ENABLE_STRICT_OBJC_MSGSEND = YES;
				GCC_C_LANGUAGE_STANDARD = gnu11;
				GCC_NO_COMMON_BLOCKS = YES;
				GCC_WARN_64_TO_32_BIT_CONVERSION = YES;
				GCC_WARN_ABOUT_RETURN_TYPE = YES_ERROR;
				GCC_WARN_UNDECLARED_SELECTOR = YES;
				GCC_WARN_UNINITIALIZED_AUTOS = YES_AGGRESSIVE;
				GCC_WARN_UNUSED_FUNCTION = YES;
				GCC_WARN_UNUSED_VARIABLE = YES;
				IPHONEOS_DEPLOYMENT_TARGET = 16.2;
				MTL_ENABLE_DEBUG_INFO = NO;
				MTL_FAST_MATH = YES;
				SDKROOT = iphoneos;
				SWIFT_COMPILATION_MODE = wholemodule;
				SWIFT_OPTIMIZATION_LEVEL = "-O";
				VALIDATE_PRODUCT = YES;
			};
			name = Release;
		};
		53B30AB029C9607100DDD496 /* Debug */ = {
			isa = XCBuildConfiguration;
			buildSettings = {
				ASSETCATALOG_COMPILER_APPICON_NAME = AppIcon;
				ASSETCATALOG_COMPILER_GLOBAL_ACCENT_COLOR_NAME = AccentColor;
				CODE_SIGN_STYLE = Automatic;
				CURRENT_PROJECT_VERSION = 1;
				DEVELOPMENT_ASSET_PATHS = "\"splendid-v2/Preview Content\"";
				DEVELOPMENT_TEAM = X2Z8CP3NWW;
				ENABLE_PREVIEWS = YES;
				GENERATE_INFOPLIST_FILE = YES;
				INFOPLIST_KEY_UIApplicationSceneManifest_Generation = YES;
				INFOPLIST_KEY_UIApplicationSupportsIndirectInputEvents = YES;
				INFOPLIST_KEY_UILaunchScreen_Generation = YES;
				INFOPLIST_KEY_UISupportedInterfaceOrientations_iPad = "UIInterfaceOrientationPortrait UIInterfaceOrientationPortraitUpsideDown UIInterfaceOrientationLandscapeLeft UIInterfaceOrientationLandscapeRight";
				INFOPLIST_KEY_UISupportedInterfaceOrientations_iPhone = "UIInterfaceOrientationPortrait UIInterfaceOrientationLandscapeLeft UIInterfaceOrientationLandscapeRight";
				LD_RUNPATH_SEARCH_PATHS = (
					"$(inherited)",
					"@executable_path/Frameworks",
				);
				MARKETING_VERSION = 1.0;
				PRODUCT_BUNDLE_IDENTIFIER = "lisasy.splendid-v2";
				PRODUCT_NAME = "$(TARGET_NAME)";
				SWIFT_EMIT_LOC_STRINGS = YES;
				SWIFT_VERSION = 5.0;
				TARGETED_DEVICE_FAMILY = "1,2";
			};
			name = Debug;
		};
		53B30AB129C9607100DDD496 /* Release */ = {
			isa = XCBuildConfiguration;
			buildSettings = {
				ASSETCATALOG_COMPILER_APPICON_NAME = AppIcon;
				ASSETCATALOG_COMPILER_GLOBAL_ACCENT_COLOR_NAME = AccentColor;
				CODE_SIGN_STYLE = Automatic;
				CURRENT_PROJECT_VERSION = 1;
				DEVELOPMENT_ASSET_PATHS = "\"splendid-v2/Preview Content\"";
				DEVELOPMENT_TEAM = X2Z8CP3NWW;
				ENABLE_PREVIEWS = YES;
				GENERATE_INFOPLIST_FILE = YES;
				INFOPLIST_KEY_UIApplicationSceneManifest_Generation = YES;
				INFOPLIST_KEY_UIApplicationSupportsIndirectInputEvents = YES;
				INFOPLIST_KEY_UILaunchScreen_Generation = YES;
				INFOPLIST_KEY_UISupportedInterfaceOrientations_iPad = "UIInterfaceOrientationPortrait UIInterfaceOrientationPortraitUpsideDown UIInterfaceOrientationLandscapeLeft UIInterfaceOrientationLandscapeRight";
				INFOPLIST_KEY_UISupportedInterfaceOrientations_iPhone = "UIInterfaceOrientationPortrait UIInterfaceOrientationLandscapeLeft UIInterfaceOrientationLandscapeRight";
				LD_RUNPATH_SEARCH_PATHS = (
					"$(inherited)",
					"@executable_path/Frameworks",
				);
				MARKETING_VERSION = 1.0;
				PRODUCT_BUNDLE_IDENTIFIER = "lisasy.splendid-v2";
				PRODUCT_NAME = "$(TARGET_NAME)";
				SWIFT_EMIT_LOC_STRINGS = YES;
				SWIFT_VERSION = 5.0;
				TARGETED_DEVICE_FAMILY = "1,2";
			};
			name = Release;
		};
/* End XCBuildConfiguration section */

/* Begin XCConfigurationList section */
		53B30A9C29C9607000DDD496 /* Build configuration list for PBXProject "splendid-v2" */ = {
			isa = XCConfigurationList;
			buildConfigurations = (
				53B30AAD29C9607100DDD496 /* Debug */,
				53B30AAE29C9607100DDD496 /* Release */,
			);
			defaultConfigurationIsVisible = 0;
			defaultConfigurationName = Release;
		};
		53B30AAF29C9607100DDD496 /* Build configuration list for PBXNativeTarget "splendid-v2" */ = {
			isa = XCConfigurationList;
			buildConfigurations = (
				53B30AB029C9607100DDD496 /* Debug */,
				53B30AB129C9607100DDD496 /* Release */,
			);
			defaultConfigurationIsVisible = 0;
			defaultConfigurationName = Release;
		};
/* End XCConfigurationList section */
	};
	rootObject = 53B30A9929C9607000DDD496 /* Project object */;
}
